
Microsoft Visual Studio Solution File, Format Version 12.00
# Visual Studio Version 17
VisualStudioVersion = 17.8.34601.278
MinimumVisualStudioVersion = 10.0.40219.1
Project("{9A19103F-16F7-4668-BE54-9A1E7A4F7556}") = "BestHomeServices", "BestHomeServices\BestHomeServices.csproj", "{399558F5-AF60-4B80-9A30-66A2C5A141C1}"
EndProject
Project("{9A19103F-16F7-4668-BE54-9A1E7A4F7556}") = "BestHomeServices.Core", "BestHomeServices.Core\BestHomeServices.Core.csproj", "{40C6FD4F-931E-4DFB-9789-9CA8D4D377BE}"
EndProject
Project("{9A19103F-16F7-4668-BE54-9A1E7A4F7556}") = "BestHomeServices.Infrastructure", "BestHomeServices.Infrastructure\BestHomeServices.Infrastructure.csproj", "{26FE23BB-782C-4A89-8E6B-2C19780431F6}"
EndProject
Project("{FAE04EC0-301F-11D3-BF4B-00C04F79EFBC}") = "BestHomeServices.UnitTests", "BestHomeService.Tests\BestHomeServices.UnitTests.csproj", "{0D6907EA-CEA3-4F99-816E-8092616E0FCC}"
	ProjectSection(ProjectDependencies) = postProject
		{26FE23BB-782C-4A89-8E6B-2C19780431F6} = {26FE23BB-782C-4A89-8E6B-2C19780431F6}
		{40C6FD4F-931E-4DFB-9789-9CA8D4D377BE} = {40C6FD4F-931E-4DFB-9789-9CA8D4D377BE}
	EndProjectSection
EndProject
Global
	GlobalSection(SolutionConfigurationPlatforms) = preSolution
		Debug|Any CPU = Debug|Any CPU
		Release|Any CPU = Release|Any CPU
	EndGlobalSection
	GlobalSection(ProjectConfigurationPlatforms) = postSolution
		{399558F5-AF60-4B80-9A30-66A2C5A141C1}.Debug|Any CPU.ActiveCfg = Debug|Any CPU
		{399558F5-AF60-4B80-9A30-66A2C5A141C1}.Debug|Any CPU.Build.0 = Debug|Any CPU
		{399558F5-AF60-4B80-9A30-66A2C5A141C1}.Release|Any CPU.ActiveCfg = Release|Any CPU
		{399558F5-AF60-4B80-9A30-66A2C5A141C1}.Release|Any CPU.Build.0 = Release|Any CPU
		{40C6FD4F-931E-4DFB-9789-9CA8D4D377BE}.Debug|Any CPU.ActiveCfg = Debug|Any CPU
		{40C6FD4F-931E-4DFB-9789-9CA8D4D377BE}.Debug|Any CPU.Build.0 = Debug|Any CPU
		{40C6FD4F-931E-4DFB-9789-9CA8D4D377BE}.Release|Any CPU.ActiveCfg = Release|Any CPU
		{40C6FD4F-931E-4DFB-9789-9CA8D4D377BE}.Release|Any CPU.Build.0 = Release|Any CPU
		{26FE23BB-782C-4A89-8E6B-2C19780431F6}.Debug|Any CPU.ActiveCfg = Debug|Any CPU
		{26FE23BB-782C-4A89-8E6B-2C19780431F6}.Debug|Any CPU.Build.0 = Debug|Any CPU
		{26FE23BB-782C-4A89-8E6B-2C19780431F6}.Release|Any CPU.ActiveCfg = Release|Any CPU
		{26FE23BB-782C-4A89-8E6B-2C19780431F6}.Release|Any CPU.Build.0 = Release|Any CPU
		{0D6907EA-CEA3-4F99-816E-8092616E0FCC}.Debug|Any CPU.ActiveCfg = Debug|Any CPU
		{0D6907EA-CEA3-4F99-816E-8092616E0FCC}.Debug|Any CPU.Build.0 = Debug|Any CPU
		{0D6907EA-CEA3-4F99-816E-8092616E0FCC}.Release|Any CPU.ActiveCfg = Release|Any CPU
		{0D6907EA-CEA3-4F99-816E-8092616E0FCC}.Release|Any CPU.Build.0 = Release|Any CPU
	EndGlobalSection
	GlobalSection(SolutionProperties) = preSolution
		HideSolutionNode = FALSE
	EndGlobalSection
	GlobalSection(ExtensibilityGlobals) = postSolution
		SolutionGuid = {56362341-BBE3-4E47-B360-4DE47C2324B3}
	EndGlobalSection
EndGlobal
